
Microsoft Visual Studio Solution File, Format Version 12.00
# Visual Studio 2012
Project("{FAE04EC0-301F-11D3-BF4B-00C04F79EFBC}") = "csharpEmailClass", "csharpEmailClass\csharpEmailClass.csproj", "{CE06F483-CEEA-47ED-94D9-61B4BAE76774}"
EndProject
Global
	GlobalSection(SolutionConfigurationPlatforms) = preSolution
		Debug|Any CPU = Debug|Any CPU
		Release|Any CPU = Release|Any CPU
	EndGlobalSection
	GlobalSection(ProjectConfigurationPlatforms) = postSolution
		{CE06F483-CEEA-47ED-94D9-61B4BAE76774}.Debug|Any CPU.ActiveCfg = Debug|Any CPU
		{CE06F483-CEEA-47ED-94D9-61B4BAE76774}.Debug|Any CPU.Build.0 = Debug|Any CPU
		{CE06F483-CEEA-47ED-94D9-61B4BAE76774}.Release|Any CPU.ActiveCfg = Release|Any CPU
		{CE06F483-CEEA-47ED-94D9-61B4BAE76774}.Release|Any CPU.Build.0 = Release|Any CPU
	EndGlobalSection
	GlobalSection(SolutionProperties) = preSolution
		HideSolutionNode = FALSE
	EndGlobalSection
EndGlobal
